
Microsoft Visual Studio Solution File, Format Version 12.00
# Visual Studio Version 17
VisualStudioVersion = 17.4.33103.184
MinimumVisualStudioVersion = 10.0.40219.1
Project("{9A19103F-16F7-4668-BE54-9A1E7A4F7556}") = "Xavier.React", "Xavier.React.csproj", "{ECC8C33D-82CA-49E2-8CD0-4A430C2625CE}"
EndProject
Project("{9A19103F-16F7-4668-BE54-9A1E7A4F7556}") = "Xavier.PureClient", "..\Xavier.Singularity\Xavier.PureClient\Xavier.PureClient.csproj", "{C90E3A10-EA4A-4B4E-9B1B-0185709021E6}"
EndProject
Global
	GlobalSection(SolutionConfigurationPlatforms) = preSolution
		Debug|Any CPU = Debug|Any CPU
		Release|Any CPU = Release|Any CPU
	EndGlobalSection
	GlobalSection(ProjectConfigurationPlatforms) = postSolution
		{ECC8C33D-82CA-49E2-8CD0-4A430C2625CE}.Debug|Any CPU.ActiveCfg = Debug|Any CPU
		{ECC8C33D-82CA-49E2-8CD0-4A430C2625CE}.Debug|Any CPU.Build.0 = Debug|Any CPU
		{ECC8C33D-82CA-49E2-8CD0-4A430C2625CE}.Release|Any CPU.ActiveCfg = Release|Any CPU
		{ECC8C33D-82CA-49E2-8CD0-4A430C2625CE}.Release|Any CPU.Build.0 = Release|Any CPU
		{C90E3A10-EA4A-4B4E-9B1B-0185709021E6}.Debug|Any CPU.ActiveCfg = Debug|Any CPU
		{C90E3A10-EA4A-4B4E-9B1B-0185709021E6}.Debug|Any CPU.Build.0 = Debug|Any CPU
		{C90E3A10-EA4A-4B4E-9B1B-0185709021E6}.Release|Any CPU.ActiveCfg = Release|Any CPU
		{C90E3A10-EA4A-4B4E-9B1B-0185709021E6}.Release|Any CPU.Build.0 = Release|Any CPU
	EndGlobalSection
	GlobalSection(SolutionProperties) = preSolution
		HideSolutionNode = FALSE
	EndGlobalSection
	GlobalSection(ExtensibilityGlobals) = postSolution
		SolutionGuid = {DB162D24-819F-4C31-A3D9-0A4707EFA2DE}
	EndGlobalSection
EndGlobal
